// !$*UTF8*$!
{
	archiveVersion = 1;
	classes = {
	};
	objectVersion = 46;
	objects = {

/* Begin PBXBuildFile section */
		F90E4633168DAA5E005DAF44 /* MBMovieEditWindowController.m in Sources */ = {isa = PBXBuildFile; fileRef = F90E4631168DAA5E005DAF44 /* MBMovieEditWindowController.m */; };
		F90E4634168DAA5E005DAF44 /* MBMovieEditWindowController.xib in Resources */ = {isa = PBXBuildFile; fileRef = F90E4632168DAA5E005DAF44 /* MBMovieEditWindowController.xib */; };
		F90E4637168E2B50005DAF44 /* MBGoogleImageSearch.m in Sources */ = {isa = PBXBuildFile; fileRef = F90E4636168E2B50005DAF44 /* MBGoogleImageSearch.m */; };
		F9133EF7168EE7CD0097A985 /* MBActorEditWindowController.m in Sources */ = {isa = PBXBuildFile; fileRef = F9133EF5168EE7CD0097A985 /* MBActorEditWindowController.m */; };
		F9133EF8168EE7CD0097A985 /* MBActorEditWindowController.xib in Resources */ = {isa = PBXBuildFile; fileRef = F9133EF6168EE7CD0097A985 /* MBActorEditWindowController.xib */; };
		F9133EFB168EFB770097A985 /* NSPopUpButton+Additions.m in Sources */ = {isa = PBXBuildFile; fileRef = F9133EFA168EFB770097A985 /* NSPopUpButton+Additions.m */; };
		F914FC6215FCF11400B960D0 /* MBMovieView.m in Sources */ = {isa = PBXBuildFile; fileRef = F914FC6115FCF11400B960D0 /* MBMovieView.m */; };
		F91AAF6516C0175A001278EC /* MBFileMetadata.m in Sources */ = {isa = PBXBuildFile; fileRef = F91AAF6416C0175A001278EC /* MBFileMetadata.m */; };
		F922D192168E47560018B5D1 /* NSImage+Additions.m in Sources */ = {isa = PBXBuildFile; fileRef = F922D191168E47560018B5D1 /* NSImage+Additions.m */; };
		F923205A167962D300D14519 /* NSArray+Additions.m in Sources */ = {isa = PBXBuildFile; fileRef = F9232059167962D300D14519 /* NSArray+Additions.m */; };
		F923206A167D147400D14519 /* MBGenreCellView.m in Sources */ = {isa = PBXBuildFile; fileRef = F9232069167D147400D14519 /* MBGenreCellView.m */; };
		F923206D167D155F00D14519 /* MBGenreBadgeView.m in Sources */ = {isa = PBXBuildFile; fileRef = F923206C167D155E00D14519 /* MBGenreBadgeView.m */; };
		F9232071167E611F00D14519 /* MBScreencapsThumbnailCellView.m in Sources */ = {isa = PBXBuildFile; fileRef = F9232070167E611F00D14519 /* MBScreencapsThumbnailCellView.m */; };
		F923207B167E623A00D14519 /* MBScreencapsWindowController.m in Sources */ = {isa = PBXBuildFile; fileRef = F9232079167E623A00D14519 /* MBScreencapsWindowController.m */; };
		F923207C167E623A00D14519 /* MBScreencapsWindowController.xib in Resources */ = {isa = PBXBuildFile; fileRef = F923207A167E623A00D14519 /* MBScreencapsWindowController.xib */; };
		F92A7EAC16831FFA00F04EDF /* MBPreferencesWindowController.m in Sources */ = {isa = PBXBuildFile; fileRef = F92A7EAA16831FFA00F04EDF /* MBPreferencesWindowController.m */; };
		F92A7EAD16831FFA00F04EDF /* MBPreferencesWindowController.xib in Resources */ = {isa = PBXBuildFile; fileRef = F92A7EAB16831FFA00F04EDF /* MBPreferencesWindowController.xib */; };
		F92A7EB216832DB100F04EDF /* MBActorProfileWindowController.m in Sources */ = {isa = PBXBuildFile; fileRef = F92A7EB016832DB100F04EDF /* MBActorProfileWindowController.m */; };
		F92A7EB316832DB100F04EDF /* MBActorProfileWindowController.xib in Resources */ = {isa = PBXBuildFile; fileRef = F92A7EB116832DB100F04EDF /* MBActorProfileWindowController.xib */; };
		F92A7EB5168341D900F04EDF /* MBImportWindowController.xib in Resources */ = {isa = PBXBuildFile; fileRef = F92A7EB4168341D900F04EDF /* MBImportWindowController.xib */; };
		F92A7ECB1686319700F04EDF /* MBTableView.m in Sources */ = {isa = PBXBuildFile; fileRef = F92A7ECA1686319700F04EDF /* MBTableView.m */; };
		F92A7ED0168635ED00F04EDF /* MBRenameWindowController.m in Sources */ = {isa = PBXBuildFile; fileRef = F92A7ECE168635ED00F04EDF /* MBRenameWindowController.m */; };
		F92A7ED1168635ED00F04EDF /* MBRenameWindowController.xib in Resources */ = {isa = PBXBuildFile; fileRef = F92A7ECF168635ED00F04EDF /* MBRenameWindowController.xib */; };
		F93211EC16327D2C0093E619 /* MBActorMovieView.m in Sources */ = {isa = PBXBuildFile; fileRef = F93211EB16327D2C0093E619 /* MBActorMovieView.m */; };
		F93211FB163310AB0093E619 /* MBActorCellView.m in Sources */ = {isa = PBXBuildFile; fileRef = F93211FA163310AB0093E619 /* MBActorCellView.m */; };
		F93212161635A2B30093E619 /* MBTableHeaderView.m in Sources */ = {isa = PBXBuildFile; fileRef = F93212151635A2B30093E619 /* MBTableHeaderView.m */; };
		F93212191635B4070093E619 /* MBPopUpButtonCell.m in Sources */ = {isa = PBXBuildFile; fileRef = F93212181635B4060093E619 /* MBPopUpButtonCell.m */; };
		F932121B1635C5E20093E619 /* DownArrow.gif in Resources */ = {isa = PBXBuildFile; fileRef = F932121A1635C5E20093E619 /* DownArrow.gif */; };
		F932121D1635C8640093E619 /* UpDownArrow.png in Resources */ = {isa = PBXBuildFile; fileRef = F932121C1635C8640093E619 /* UpDownArrow.png */; };
		F93212201635DE0A0093E619 /* MBTableHeaderCell.m in Sources */ = {isa = PBXBuildFile; fileRef = F932121F1635DE090093E619 /* MBTableHeaderCell.m */; };
		F93212231635E2440093E619 /* MBActorImageView.m in Sources */ = {isa = PBXBuildFile; fileRef = F93212221635E2440093E619 /* MBActorImageView.m */; };
		F93212251635E34E0093E619 /* MissingActor.png in Resources */ = {isa = PBXBuildFile; fileRef = F93212241635E34E0093E619 /* MissingActor.png */; };
		F9321229163610AD0093E619 /* TimeMachineIcon.icns in Resources */ = {isa = PBXBuildFile; fileRef = F9321228163610AD0093E619 /* TimeMachineIcon.icns */; };
		F932122C16361F140093E619 /* MBDownloadQueue.m in Sources */ = {isa = PBXBuildFile; fileRef = F932122B16361F130093E619 /* MBDownloadQueue.m */; };
		F93212611638C5460093E619 /* MBImportWindowController.m in Sources */ = {isa = PBXBuildFile; fileRef = F93212601638C5460093E619 /* MBImportWindowController.m */; };
		F93212641638EA170093E619 /* MBImportCellView.m in Sources */ = {isa = PBXBuildFile; fileRef = F93212631638EA170093E619 /* MBImportCellView.m */; };
		F94D323516BF1ABC0004EE39 /* MBURLConnection.m in Sources */ = {isa = PBXBuildFile; fileRef = F94D323416BF1ABC0004EE39 /* MBURLConnection.m */; };
		F97BF37A15F91FF400444926 /* MBActorView.m in Sources */ = {isa = PBXBuildFile; fileRef = F97BF37915F91FF400444926 /* MBActorView.m */; };
		F97BF37D15F9C20200444926 /* MBGenre.m in Sources */ = {isa = PBXBuildFile; fileRef = F97BF37C15F9C20200444926 /* MBGenre.m */; };
		F98A50D1166BE76400749333 /* MovieID.framework in Frameworks */ = {isa = PBXBuildFile; fileRef = F98A50D0166BE75300749333 /* MovieID.framework */; };
		F98A50D2166BE76A00749333 /* MovieID.framework in Copy Frameworks */ = {isa = PBXBuildFile; fileRef = F98A50D0166BE75300749333 /* MovieID.framework */; };
		F990107B16D861F4007A3F65 /* CoreMedia.framework in Frameworks */ = {isa = PBXBuildFile; fileRef = F990107A16D861F4007A3F65 /* CoreMedia.framework */; };
		F990107E16D861FC007A3F65 /* AVFoundation.framework in Frameworks */ = {isa = PBXBuildFile; fileRef = F990107D16D861FC007A3F65 /* AVFoundation.framework */; };
		F998F27B162F6FEF008AF52D /* MissingMovie.png in Resources */ = {isa = PBXBuildFile; fileRef = F998F27A162F6FEF008AF52D /* MissingMovie.png */; };
		F998F27E162F7335008AF52D /* MBMovieCastView.m in Sources */ = {isa = PBXBuildFile; fileRef = F998F27D162F7335008AF52D /* MBMovieCastView.m */; };
		F998F2C2162F85EF008AF52D /* MBMovieCellView.m in Sources */ = {isa = PBXBuildFile; fileRef = F998F2C1162F85EF008AF52D /* MBMovieCellView.m */; };
		F998F2C4162F8E40008AF52D /* QuartzCore.framework in Frameworks */ = {isa = PBXBuildFile; fileRef = F998F2C3162F8E40008AF52D /* QuartzCore.framework */; };
		F998F2CE162FBDD4008AF52D /* MBImageCache.m in Sources */ = {isa = PBXBuildFile; fileRef = F998F2CD162FBDD3008AF52D /* MBImageCache.m */; };
		F998F2D116305B2A008AF52D /* MBStuff.m in Sources */ = {isa = PBXBuildFile; fileRef = F998F2D016305B28008AF52D /* MBStuff.m */; };
		F9AD8AE816B6869700404B19 /* MovieBrowseConfig.plist in Resources */ = {isa = PBXBuildFile; fileRef = F9AD8AE716B6869700404B19 /* MovieBrowseConfig.plist */; };
		F9B9028015F791320089BB17 /* Cocoa.framework in Frameworks */ = {isa = PBXBuildFile; fileRef = F9B9027F15F791320089BB17 /* Cocoa.framework */; };
		F9B9028A15F791320089BB17 /* InfoPlist.strings in Resources */ = {isa = PBXBuildFile; fileRef = F9B9028815F791320089BB17 /* InfoPlist.strings */; };
		F9B9028C15F791320089BB17 /* main.m in Sources */ = {isa = PBXBuildFile; fileRef = F9B9028B15F791320089BB17 /* main.m */; };
		F9B9029015F791320089BB17 /* Credits.rtf in Resources */ = {isa = PBXBuildFile; fileRef = F9B9028E15F791320089BB17 /* Credits.rtf */; };
		F9B9029315F791320089BB17 /* MBAppDelegate.m in Sources */ = {isa = PBXBuildFile; fileRef = F9B9029215F791320089BB17 /* MBAppDelegate.m */; };
		F9B9029615F791320089BB17 /* MainMenu.xib in Resources */ = {isa = PBXBuildFile; fileRef = F9B9029415F791320089BB17 /* MainMenu.xib */; };
		F9B9029F15F7914B0089BB17 /* QTKit.framework in Frameworks */ = {isa = PBXBuildFile; fileRef = F9B9029E15F7914B0089BB17 /* QTKit.framework */; };
		F9B902A115F7915E0089BB17 /* libicucore.dylib in Frameworks */ = {isa = PBXBuildFile; fileRef = F9B902A015F7915E0089BB17 /* libicucore.dylib */; };
		F9B902A515F795B50089BB17 /* MBDataManager.m in Sources */ = {isa = PBXBuildFile; fileRef = F9B902A415F795B50089BB17 /* MBDataManager.m */; };
		F9B902A815F79BE80089BB17 /* MBMovie.m in Sources */ = {isa = PBXBuildFile; fileRef = F9B902A715F79BE80089BB17 /* MBMovie.m */; };
		F9B902AB15F79BF30089BB17 /* MBPerson.m in Sources */ = {isa = PBXBuildFile; fileRef = F9B902AA15F79BF30089BB17 /* MBPerson.m */; };
		F9B902BB15F7A8F10089BB17 /* NSString+Additions.m in Sources */ = {isa = PBXBuildFile; fileRef = F9B902B715F7A8F10089BB17 /* NSString+Additions.m */; };
		F9B902BC15F7A8F10089BB17 /* NSThread+Additions.m in Sources */ = {isa = PBXBuildFile; fileRef = F9B902B915F7A8F10089BB17 /* NSThread+Additions.m */; };
		F9D90D4416B830110063C0F6 /* NSView+Additions.m in Sources */ = {isa = PBXBuildFile; fileRef = F9D90D4316B830110063C0F6 /* NSView+Additions.m */; };
		F9D90D4816B8734D0063C0F6 /* MBTableRowView.m in Sources */ = {isa = PBXBuildFile; fileRef = F9D90D4716B8734D0063C0F6 /* MBTableRowView.m */; };
		F9D90D4B16B875900063C0F6 /* MBMovieRowView.m in Sources */ = {isa = PBXBuildFile; fileRef = F9D90D4A16B875900063C0F6 /* MBMovieRowView.m */; };
		F9D90D4E16B87F660063C0F6 /* MBMovieTableView.m in Sources */ = {isa = PBXBuildFile; fileRef = F9D90D4D16B87F660063C0F6 /* MBMovieTableView.m */; };
		F9D90D5116B888260063C0F6 /* MBGenreTableView.m in Sources */ = {isa = PBXBuildFile; fileRef = F9D90D5016B888260063C0F6 /* MBGenreTableView.m */; };
		F9D90D5416B889080063C0F6 /* MBGenreRowView.m in Sources */ = {isa = PBXBuildFile; fileRef = F9D90D5316B889080063C0F6 /* MBGenreRowView.m */; };
		F9D90D5716B8953C0063C0F6 /* MBActorRowView.m in Sources */ = {isa = PBXBuildFile; fileRef = F9D90D5616B8953C0063C0F6 /* MBActorRowView.m */; };
		F9DA1F5116B47F480055DFF1 /* Sparkle.framework in Frameworks */ = {isa = PBXBuildFile; fileRef = F9DA1F5016B47F480055DFF1 /* Sparkle.framework */; };
		F9DA1F5216B47F7A0055DFF1 /* Sparkle.framework in Copy Frameworks */ = {isa = PBXBuildFile; fileRef = F9DA1F5016B47F480055DFF1 /* Sparkle.framework */; };
		F9DA1F5416B4808E0055DFF1 /* dsa_pub.pem in Resources */ = {isa = PBXBuildFile; fileRef = F9DA1F5316B4808E0055DFF1 /* dsa_pub.pem */; };
		F9EA0CF516B75E960037875F /* MMDrawingUtils.m in Sources */ = {isa = PBXBuildFile; fileRef = F9EA0CF016B75E960037875F /* MMDrawingUtils.m */; };
		F9EA0CF616B75E960037875F /* MMScroller.m in Sources */ = {isa = PBXBuildFile; fileRef = F9EA0CF216B75E960037875F /* MMScroller.m */; };
		F9EA0CF716B75E960037875F /* MMScrollView.m in Sources */ = {isa = PBXBuildFile; fileRef = F9EA0CF416B75E960037875F /* MMScrollView.m */; };
		F9EA0CFA16B769130037875F /* MBScroller.m in Sources */ = {isa = PBXBuildFile; fileRef = F9EA0CF916B769130037875F /* MBScroller.m */; };
		F9EA0CFD16B769F50037875F /* MBScrollView.m in Sources */ = {isa = PBXBuildFile; fileRef = F9EA0CFC16B769F50037875F /* MBScrollView.m */; };
		F9EBF47C16BC5620008892DF /* MBScreencapsTableView.m in Sources */ = {isa = PBXBuildFile; fileRef = F9EBF47B16BC5620008892DF /* MBScreencapsTableView.m */; };
		F9F30CF916306E25006C4F17 /* MBImageView.m in Sources */ = {isa = PBXBuildFile; fileRef = F9F30CF816306E25006C4F17 /* MBImageView.m */; };
/* End PBXBuildFile section */

/* Begin PBXContainerItemProxy section */
		F98A50CF166BE75300749333 /* PBXContainerItemProxy */ = {
			isa = PBXContainerItemProxy;
			containerPortal = F98A50CB166BE75200749333 /* MovieIDFramework.xcodeproj */;
			proxyType = 2;
			remoteGlobalIDString = F9B9018915F75E990089BB17;
			remoteInfo = MovieID;
		};
/* End PBXContainerItemProxy section */

/* Begin PBXCopyFilesBuildPhase section */
		F998F2D216306613008AF52D /* Copy Frameworks */ = {
			isa = PBXCopyFilesBuildPhase;
			buildActionMask = 2147483647;
			dstPath = "";
			dstSubfolderSpec = 10;
			files = (
				F98A50D2166BE76A00749333 /* MovieID.framework in Copy Frameworks */,
				F9DA1F5216B47F7A0055DFF1 /* Sparkle.framework in Copy Frameworks */,
			);
			name = "Copy Frameworks";
			runOnlyForDeploymentPostprocessing = 0;
		};
/* End PBXCopyFilesBuildPhase section */

/* Begin PBXFileReference section */
		F90E4630168DAA5E005DAF44 /* MBMovieEditWindowController.h */ = {isa = PBXFileReference; fileEncoding = 4; lastKnownFileType = sourcecode.c.h; path = MBMovieEditWindowController.h; sourceTree = "<group>"; };
		F90E4631168DAA5E005DAF44 /* MBMovieEditWindowController.m */ = {isa = PBXFileReference; fileEncoding = 4; lastKnownFileType = sourcecode.c.objc; path = MBMovieEditWindowController.m; sourceTree = "<group>"; };
		F90E4632168DAA5E005DAF44 /* MBMovieEditWindowController.xib */ = {isa = PBXFileReference; fileEncoding = 4; lastKnownFileType = file.xib; path = MBMovieEditWindowController.xib; sourceTree = "<group>"; };
		F90E4635168E2B4F005DAF44 /* MBGoogleImageSearch.h */ = {isa = PBXFileReference; fileEncoding = 4; lastKnownFileType = sourcecode.c.h; path = MBGoogleImageSearch.h; sourceTree = "<group>"; };
		F90E4636168E2B50005DAF44 /* MBGoogleImageSearch.m */ = {isa = PBXFileReference; fileEncoding = 4; lastKnownFileType = sourcecode.c.objc; path = MBGoogleImageSearch.m; sourceTree = "<group>"; };
		F9133EF4168EE7CD0097A985 /* MBActorEditWindowController.h */ = {isa = PBXFileReference; fileEncoding = 4; lastKnownFileType = sourcecode.c.h; path = MBActorEditWindowController.h; sourceTree = "<group>"; };
		F9133EF5168EE7CD0097A985 /* MBActorEditWindowController.m */ = {isa = PBXFileReference; fileEncoding = 4; lastKnownFileType = sourcecode.c.objc; path = MBActorEditWindowController.m; sourceTree = "<group>"; };
		F9133EF6168EE7CD0097A985 /* MBActorEditWindowController.xib */ = {isa = PBXFileReference; fileEncoding = 4; lastKnownFileType = file.xib; path = MBActorEditWindowController.xib; sourceTree = "<group>"; };
		F9133EF9168EFB770097A985 /* NSPopUpButton+Additions.h */ = {isa = PBXFileReference; fileEncoding = 4; lastKnownFileType = sourcecode.c.h; path = "NSPopUpButton+Additions.h"; sourceTree = "<group>"; };
		F9133EFA168EFB770097A985 /* NSPopUpButton+Additions.m */ = {isa = PBXFileReference; fileEncoding = 4; lastKnownFileType = sourcecode.c.objc; path = "NSPopUpButton+Additions.m"; sourceTree = "<group>"; };
		F914FC6015FCF11400B960D0 /* MBMovieView.h */ = {isa = PBXFileReference; fileEncoding = 4; lastKnownFileType = sourcecode.c.h; path = MBMovieView.h; sourceTree = "<group>"; };
		F914FC6115FCF11400B960D0 /* MBMovieView.m */ = {isa = PBXFileReference; fileEncoding = 4; lastKnownFileType = sourcecode.c.objc; path = MBMovieView.m; sourceTree = "<group>"; };
		F91AAF6316C0175A001278EC /* MBFileMetadata.h */ = {isa = PBXFileReference; fileEncoding = 4; lastKnownFileType = sourcecode.c.h; path = MBFileMetadata.h; sourceTree = "<group>"; };
		F91AAF6416C0175A001278EC /* MBFileMetadata.m */ = {isa = PBXFileReference; fileEncoding = 4; lastKnownFileType = sourcecode.c.objc; path = MBFileMetadata.m; sourceTree = "<group>"; };
		F91AAF6716C03E89001278EC /* NSProgress.h */ = {isa = PBXFileReference; fileEncoding = 4; lastKnownFileType = sourcecode.c.h; path = NSProgress.h; sourceTree = "<group>"; };
		F91FD3121653E85E0060E4FC /* MovieID.framework */ = {isa = PBXFileReference; lastKnownFileType = wrapper.framework; name = MovieID.framework; path = "/Volumes/DasRamDisk/Xcode/MovieID-aadurtnvwlsyfzcufjyphkfsyzrk/Build/Products/Debug/MovieID.framework"; sourceTree = "<absolute>"; };
		F922D190168E47560018B5D1 /* NSImage+Additions.h */ = {isa = PBXFileReference; fileEncoding = 4; lastKnownFileType = sourcecode.c.h; path = "NSImage+Additions.h"; sourceTree = "<group>"; };
		F922D191168E47560018B5D1 /* NSImage+Additions.m */ = {isa = PBXFileReference; fileEncoding = 4; lastKnownFileType = sourcecode.c.objc; path = "NSImage+Additions.m"; sourceTree = "<group>"; };
		F9232058167962D300D14519 /* NSArray+Additions.h */ = {isa = PBXFileReference; fileEncoding = 4; lastKnownFileType = sourcecode.c.h; path = "NSArray+Additions.h"; sourceTree = "<group>"; };
		F9232059167962D300D14519 /* NSArray+Additions.m */ = {isa = PBXFileReference; fileEncoding = 4; lastKnownFileType = sourcecode.c.objc; path = "NSArray+Additions.m"; sourceTree = "<group>"; };
		F9232068167D147400D14519 /* MBGenreCellView.h */ = {isa = PBXFileReference; fileEncoding = 4; lastKnownFileType = sourcecode.c.h; path = MBGenreCellView.h; sourceTree = "<group>"; };
		F9232069167D147400D14519 /* MBGenreCellView.m */ = {isa = PBXFileReference; fileEncoding = 4; lastKnownFileType = sourcecode.c.objc; path = MBGenreCellView.m; sourceTree = "<group>"; };
		F923206B167D155E00D14519 /* MBGenreBadgeView.h */ = {isa = PBXFileReference; fileEncoding = 4; lastKnownFileType = sourcecode.c.h; path = MBGenreBadgeView.h; sourceTree = "<group>"; };
		F923206C167D155E00D14519 /* MBGenreBadgeView.m */ = {isa = PBXFileReference; fileEncoding = 4; lastKnownFileType = sourcecode.c.objc; path = MBGenreBadgeView.m; sourceTree = "<group>"; };
		F923206F167E611F00D14519 /* MBScreencapsThumbnailCellView.h */ = {isa = PBXFileReference; fileEncoding = 4; lastKnownFileType = sourcecode.c.h; path = MBScreencapsThumbnailCellView.h; sourceTree = "<group>"; };
		F9232070167E611F00D14519 /* MBScreencapsThumbnailCellView.m */ = {isa = PBXFileReference; fileEncoding = 4; lastKnownFileType = sourcecode.c.objc; path = MBScreencapsThumbnailCellView.m; sourceTree = "<group>"; };
		F9232078167E623A00D14519 /* MBScreencapsWindowController.h */ = {isa = PBXFileReference; fileEncoding = 4; lastKnownFileType = sourcecode.c.h; path = MBScreencapsWindowController.h; sourceTree = "<group>"; };
		F9232079167E623A00D14519 /* MBScreencapsWindowController.m */ = {isa = PBXFileReference; fileEncoding = 4; lastKnownFileType = sourcecode.c.objc; path = MBScreencapsWindowController.m; sourceTree = "<group>"; };
		F923207A167E623A00D14519 /* MBScreencapsWindowController.xib */ = {isa = PBXFileReference; fileEncoding = 4; lastKnownFileType = file.xib; path = MBScreencapsWindowController.xib; sourceTree = "<group>"; };
		F92A7EA916831FFA00F04EDF /* MBPreferencesWindowController.h */ = {isa = PBXFileReference; fileEncoding = 4; lastKnownFileType = sourcecode.c.h; path = MBPreferencesWindowController.h; sourceTree = "<group>"; };
		F92A7EAA16831FFA00F04EDF /* MBPreferencesWindowController.m */ = {isa = PBXFileReference; fileEncoding = 4; lastKnownFileType = sourcecode.c.objc; path = MBPreferencesWindowController.m; sourceTree = "<group>"; };
		F92A7EAB16831FFA00F04EDF /* MBPreferencesWindowController.xib */ = {isa = PBXFileReference; fileEncoding = 4; lastKnownFileType = file.xib; path = MBPreferencesWindowController.xib; sourceTree = "<group>"; };
		F92A7EAF16832DB100F04EDF /* MBActorProfileWindowController.h */ = {isa = PBXFileReference; fileEncoding = 4; lastKnownFileType = sourcecode.c.h; path = MBActorProfileWindowController.h; sourceTree = "<group>"; };
		F92A7EB016832DB100F04EDF /* MBActorProfileWindowController.m */ = {isa = PBXFileReference; fileEncoding = 4; lastKnownFileType = sourcecode.c.objc; path = MBActorProfileWindowController.m; sourceTree = "<group>"; };
		F92A7EB116832DB100F04EDF /* MBActorProfileWindowController.xib */ = {isa = PBXFileReference; fileEncoding = 4; lastKnownFileType = file.xib; path = MBActorProfileWindowController.xib; sourceTree = "<group>"; };
		F92A7EB4168341D900F04EDF /* MBImportWindowController.xib */ = {isa = PBXFileReference; fileEncoding = 4; lastKnownFileType = file.xib; path = MBImportWindowController.xib; sourceTree = "<group>"; };
		F92A7EC91686319700F04EDF /* MBTableView.h */ = {isa = PBXFileReference; fileEncoding = 4; lastKnownFileType = sourcecode.c.h; path = MBTableView.h; sourceTree = "<group>"; };
		F92A7ECA1686319700F04EDF /* MBTableView.m */ = {isa = PBXFileReference; fileEncoding = 4; lastKnownFileType = sourcecode.c.objc; path = MBTableView.m; sourceTree = "<group>"; };
		F92A7ECD168635ED00F04EDF /* MBRenameWindowController.h */ = {isa = PBXFileReference; fileEncoding = 4; lastKnownFileType = sourcecode.c.h; path = MBRenameWindowController.h; sourceTree = "<group>"; };
		F92A7ECE168635ED00F04EDF /* MBRenameWindowController.m */ = {isa = PBXFileReference; fileEncoding = 4; lastKnownFileType = sourcecode.c.objc; path = MBRenameWindowController.m; sourceTree = "<group>"; };
		F92A7ECF168635ED00F04EDF /* MBRenameWindowController.xib */ = {isa = PBXFileReference; fileEncoding = 4; lastKnownFileType = file.xib; path = MBRenameWindowController.xib; sourceTree = "<group>"; };
		F93211EA16327D2C0093E619 /* MBActorMovieView.h */ = {isa = PBXFileReference; fileEncoding = 4; lastKnownFileType = sourcecode.c.h; path = MBActorMovieView.h; sourceTree = "<group>"; };
		F93211EB16327D2C0093E619 /* MBActorMovieView.m */ = {isa = PBXFileReference; fileEncoding = 4; lastKnownFileType = sourcecode.c.objc; path = MBActorMovieView.m; sourceTree = "<group>"; };
		F93211F9163310AB0093E619 /* MBActorCellView.h */ = {isa = PBXFileReference; fileEncoding = 4; lastKnownFileType = sourcecode.c.h; path = MBActorCellView.h; sourceTree = "<group>"; };
		F93211FA163310AB0093E619 /* MBActorCellView.m */ = {isa = PBXFileReference; fileEncoding = 4; lastKnownFileType = sourcecode.c.objc; path = MBActorCellView.m; sourceTree = "<group>"; };
		F93212141635A2B30093E619 /* MBTableHeaderView.h */ = {isa = PBXFileReference; fileEncoding = 4; lastKnownFileType = sourcecode.c.h; path = MBTableHeaderView.h; sourceTree = "<group>"; };
		F93212151635A2B30093E619 /* MBTableHeaderView.m */ = {isa = PBXFileReference; fileEncoding = 4; lastKnownFileType = sourcecode.c.objc; path = MBTableHeaderView.m; sourceTree = "<group>"; };
		F93212171635B4060093E619 /* MBPopUpButtonCell.h */ = {isa = PBXFileReference; fileEncoding = 4; lastKnownFileType = sourcecode.c.h; path = MBPopUpButtonCell.h; sourceTree = "<group>"; };
		F93212181635B4060093E619 /* MBPopUpButtonCell.m */ = {isa = PBXFileReference; fileEncoding = 4; lastKnownFileType = sourcecode.c.objc; path = MBPopUpButtonCell.m; sourceTree = "<group>"; };
		F932121A1635C5E20093E619 /* DownArrow.gif */ = {isa = PBXFileReference; lastKnownFileType = image.gif; path = DownArrow.gif; sourceTree = "<group>"; };
		F932121C1635C8640093E619 /* UpDownArrow.png */ = {isa = PBXFileReference; lastKnownFileType = image.png; path = UpDownArrow.png; sourceTree = "<group>"; };
		F932121E1635DE090093E619 /* MBTableHeaderCell.h */ = {isa = PBXFileReference; fileEncoding = 4; lastKnownFileType = sourcecode.c.h; path = MBTableHeaderCell.h; sourceTree = "<group>"; };
		F932121F1635DE090093E619 /* MBTableHeaderCell.m */ = {isa = PBXFileReference; fileEncoding = 4; lastKnownFileType = sourcecode.c.objc; path = MBTableHeaderCell.m; sourceTree = "<group>"; };
		F93212211635E2440093E619 /* MBActorImageView.h */ = {isa = PBXFileReference; fileEncoding = 4; lastKnownFileType = sourcecode.c.h; path = MBActorImageView.h; sourceTree = "<group>"; };
		F93212221635E2440093E619 /* MBActorImageView.m */ = {isa = PBXFileReference; fileEncoding = 4; lastKnownFileType = sourcecode.c.objc; path = MBActorImageView.m; sourceTree = "<group>"; };
		F93212241635E34E0093E619 /* MissingActor.png */ = {isa = PBXFileReference; lastKnownFileType = image.png; path = MissingActor.png; sourceTree = "<group>"; };
		F9321228163610AD0093E619 /* TimeMachineIcon.icns */ = {isa = PBXFileReference; lastKnownFileType = image.icns; path = TimeMachineIcon.icns; sourceTree = "<group>"; };
		F932122A16361F130093E619 /* MBDownloadQueue.h */ = {isa = PBXFileReference; fileEncoding = 4; lastKnownFileType = sourcecode.c.h; path = MBDownloadQueue.h; sourceTree = "<group>"; };
		F932122B16361F130093E619 /* MBDownloadQueue.m */ = {isa = PBXFileReference; fileEncoding = 4; lastKnownFileType = sourcecode.c.objc; path = MBDownloadQueue.m; sourceTree = "<group>"; };
		F932125F1638C5460093E619 /* MBImportWindowController.h */ = {isa = PBXFileReference; fileEncoding = 4; lastKnownFileType = sourcecode.c.h; path = MBImportWindowController.h; sourceTree = "<group>"; };
		F93212601638C5460093E619 /* MBImportWindowController.m */ = {isa = PBXFileReference; fileEncoding = 4; lastKnownFileType = sourcecode.c.objc; path = MBImportWindowController.m; sourceTree = "<group>"; };
		F93212621638EA170093E619 /* MBImportCellView.h */ = {isa = PBXFileReference; fileEncoding = 4; lastKnownFileType = sourcecode.c.h; path = MBImportCellView.h; sourceTree = "<group>"; };
		F93212631638EA170093E619 /* MBImportCellView.m */ = {isa = PBXFileReference; fileEncoding = 4; lastKnownFileType = sourcecode.c.objc; path = MBImportCellView.m; sourceTree = "<group>"; };
		F94D323316BF1ABC0004EE39 /* MBURLConnection.h */ = {isa = PBXFileReference; fileEncoding = 4; lastKnownFileType = sourcecode.c.h; path = MBURLConnection.h; sourceTree = "<group>"; };
		F94D323416BF1ABC0004EE39 /* MBURLConnection.m */ = {isa = PBXFileReference; fileEncoding = 4; lastKnownFileType = sourcecode.c.objc; path = MBURLConnection.m; sourceTree = "<group>"; };
		F97BF37815F91FF400444926 /* MBActorView.h */ = {isa = PBXFileReference; fileEncoding = 4; lastKnownFileType = sourcecode.c.h; path = MBActorView.h; sourceTree = "<group>"; };
		F97BF37915F91FF400444926 /* MBActorView.m */ = {isa = PBXFileReference; fileEncoding = 4; lastKnownFileType = sourcecode.c.objc; path = MBActorView.m; sourceTree = "<group>"; };
		F97BF37B15F9C20100444926 /* MBGenre.h */ = {isa = PBXFileReference; fileEncoding = 4; lastKnownFileType = sourcecode.c.h; path = MBGenre.h; sourceTree = "<group>"; };
		F97BF37C15F9C20200444926 /* MBGenre.m */ = {isa = PBXFileReference; fileEncoding = 4; lastKnownFileType = sourcecode.c.objc; path = MBGenre.m; sourceTree = "<group>"; };
		F98A50CB166BE75200749333 /* MovieIDFramework.xcodeproj */ = {isa = PBXFileReference; lastKnownFileType = "wrapper.pb-project"; name = MovieIDFramework.xcodeproj; path = ../MovieIDFramework/MovieIDFramework.xcodeproj; sourceTree = "<group>"; };
		F990107A16D861F4007A3F65 /* CoreMedia.framework */ = {isa = PBXFileReference; lastKnownFileType = wrapper.framework; name = CoreMedia.framework; path = System/Library/Frameworks/CoreMedia.framework; sourceTree = SDKROOT; };
		F990107D16D861FC007A3F65 /* AVFoundation.framework */ = {isa = PBXFileReference; lastKnownFileType = wrapper.framework; name = AVFoundation.framework; path = System/Library/Frameworks/AVFoundation.framework; sourceTree = SDKROOT; };
		F998F27A162F6FEF008AF52D /* MissingMovie.png */ = {isa = PBXFileReference; lastKnownFileType = image.png; path = MissingMovie.png; sourceTree = "<group>"; };
		F998F27C162F7335008AF52D /* MBMovieCastView.h */ = {isa = PBXFileReference; fileEncoding = 4; lastKnownFileType = sourcecode.c.h; path = MBMovieCastView.h; sourceTree = "<group>"; };
		F998F27D162F7335008AF52D /* MBMovieCastView.m */ = {isa = PBXFileReference; fileEncoding = 4; lastKnownFileType = sourcecode.c.objc; path = MBMovieCastView.m; sourceTree = "<group>"; };
		F998F2C0162F85EF008AF52D /* MBMovieCellView.h */ = {isa = PBXFileReference; fileEncoding = 4; lastKnownFileType = sourcecode.c.h; path = MBMovieCellView.h; sourceTree = "<group>"; };
		F998F2C1162F85EF008AF52D /* MBMovieCellView.m */ = {isa = PBXFileReference; fileEncoding = 4; lastKnownFileType = sourcecode.c.objc; path = MBMovieCellView.m; sourceTree = "<group>"; };
		F998F2C3162F8E40008AF52D /* QuartzCore.framework */ = {isa = PBXFileReference; lastKnownFileType = wrapper.framework; name = QuartzCore.framework; path = System/Library/Frameworks/QuartzCore.framework; sourceTree = SDKROOT; };
		F998F2CC162FBDD2008AF52D /* MBImageCache.h */ = {isa = PBXFileReference; fileEncoding = 4; lastKnownFileType = sourcecode.c.h; path = MBImageCache.h; sourceTree = "<group>"; };
		F998F2CD162FBDD3008AF52D /* MBImageCache.m */ = {isa = PBXFileReference; fileEncoding = 4; lastKnownFileType = sourcecode.c.objc; path = MBImageCache.m; sourceTree = "<group>"; };
		F998F2CF16305B27008AF52D /* MBStuff.h */ = {isa = PBXFileReference; fileEncoding = 4; lastKnownFileType = sourcecode.c.h; path = MBStuff.h; sourceTree = "<group>"; };
		F998F2D016305B28008AF52D /* MBStuff.m */ = {isa = PBXFileReference; fileEncoding = 4; lastKnownFileType = sourcecode.c.objc; path = MBStuff.m; sourceTree = "<group>"; };
		F9AD8AE716B6869700404B19 /* MovieBrowseConfig.plist */ = {isa = PBXFileReference; fileEncoding = 4; lastKnownFileType = file.bplist; name = MovieBrowseConfig.plist; path = "/Volumes/Stuart Little/Projects/Support/MovieID/MovieBrowseConfig.plist"; sourceTree = "<absolute>"; };
		F9B9027B15F791320089BB17 /* MovieBrowse.app */ = {isa = PBXFileReference; explicitFileType = wrapper.application; includeInIndex = 0; path = MovieBrowse.app; sourceTree = BUILT_PRODUCTS_DIR; };
		F9B9027F15F791320089BB17 /* Cocoa.framework */ = {isa = PBXFileReference; lastKnownFileType = wrapper.framework; name = Cocoa.framework; path = System/Library/Frameworks/Cocoa.framework; sourceTree = SDKROOT; };
		F9B9028215F791320089BB17 /* AppKit.framework */ = {isa = PBXFileReference; lastKnownFileType = wrapper.framework; name = AppKit.framework; path = System/Library/Frameworks/AppKit.framework; sourceTree = SDKROOT; };
		F9B9028315F791320089BB17 /* CoreData.framework */ = {isa = PBXFileReference; lastKnownFileType = wrapper.framework; name = CoreData.framework; path = System/Library/Frameworks/CoreData.framework; sourceTree = SDKROOT; };
		F9B9028415F791320089BB17 /* Foundation.framework */ = {isa = PBXFileReference; lastKnownFileType = wrapper.framework; name = Foundation.framework; path = System/Library/Frameworks/Foundation.framework; sourceTree = SDKROOT; };
		F9B9028715F791320089BB17 /* MovieBrowse-Info.plist */ = {isa = PBXFileReference; lastKnownFileType = text.plist.xml; path = "MovieBrowse-Info.plist"; sourceTree = "<group>"; };
		F9B9028915F791320089BB17 /* en */ = {isa = PBXFileReference; lastKnownFileType = text.plist.strings; name = en; path = en.lproj/InfoPlist.strings; sourceTree = "<group>"; };
		F9B9028B15F791320089BB17 /* main.m */ = {isa = PBXFileReference; lastKnownFileType = sourcecode.c.objc; path = main.m; sourceTree = "<group>"; };
		F9B9028D15F791320089BB17 /* MovieBrowse-Prefix.pch */ = {isa = PBXFileReference; lastKnownFileType = sourcecode.c.h; path = "MovieBrowse-Prefix.pch"; sourceTree = "<group>"; };
		F9B9028F15F791320089BB17 /* en */ = {isa = PBXFileReference; lastKnownFileType = text.rtf; name = en; path = en.lproj/Credits.rtf; sourceTree = "<group>"; };
		F9B9029115F791320089BB17 /* MBAppDelegate.h */ = {isa = PBXFileReference; lastKnownFileType = sourcecode.c.h; path = MBAppDelegate.h; sourceTree = "<group>"; };
		F9B9029215F791320089BB17 /* MBAppDelegate.m */ = {isa = PBXFileReference; lastKnownFileType = sourcecode.c.objc; path = MBAppDelegate.m; sourceTree = "<group>"; };
		F9B9029515F791320089BB17 /* en */ = {isa = PBXFileReference; lastKnownFileType = file.xib; name = en; path = en.lproj/MainMenu.xib; sourceTree = "<group>"; };
		F9B9029E15F7914B0089BB17 /* QTKit.framework */ = {isa = PBXFileReference; lastKnownFileType = wrapper.framework; name = QTKit.framework; path = System/Library/Frameworks/QTKit.framework; sourceTree = SDKROOT; };
		F9B902A015F7915E0089BB17 /* libicucore.dylib */ = {isa = PBXFileReference; lastKnownFileType = "compiled.mach-o.dylib"; name = libicucore.dylib; path = usr/lib/libicucore.dylib; sourceTree = SDKROOT; };
		F9B902A215F792FE0089BB17 /* Abstract.txt */ = {isa = PBXFileReference; lastKnownFileType = text; path = Abstract.txt; sourceTree = "<group>"; };
		F9B902A315F795B50089BB17 /* MBDataManager.h */ = {isa = PBXFileReference; fileEncoding = 4; lastKnownFileType = sourcecode.c.h; path = MBDataManager.h; sourceTree = "<group>"; };
		F9B902A415F795B50089BB17 /* MBDataManager.m */ = {isa = PBXFileReference; fileEncoding = 4; lastKnownFileType = sourcecode.c.objc; path = MBDataManager.m; sourceTree = "<group>"; };
		F9B902A615F79BE80089BB17 /* MBMovie.h */ = {isa = PBXFileReference; fileEncoding = 4; lastKnownFileType = sourcecode.c.h; path = MBMovie.h; sourceTree = "<group>"; };
		F9B902A715F79BE80089BB17 /* MBMovie.m */ = {isa = PBXFileReference; fileEncoding = 4; lastKnownFileType = sourcecode.c.objc; path = MBMovie.m; sourceTree = "<group>"; };
		F9B902A915F79BF20089BB17 /* MBPerson.h */ = {isa = PBXFileReference; fileEncoding = 4; lastKnownFileType = sourcecode.c.h; path = MBPerson.h; sourceTree = "<group>"; };
		F9B902AA15F79BF30089BB17 /* MBPerson.m */ = {isa = PBXFileReference; fileEncoding = 4; lastKnownFileType = sourcecode.c.objc; path = MBPerson.m; sourceTree = "<group>"; };
		F9B902B615F7A8F10089BB17 /* NSString+Additions.h */ = {isa = PBXFileReference; fileEncoding = 4; lastKnownFileType = sourcecode.c.h; path = "NSString+Additions.h"; sourceTree = "<group>"; };
		F9B902B715F7A8F10089BB17 /* NSString+Additions.m */ = {isa = PBXFileReference; fileEncoding = 4; lastKnownFileType = sourcecode.c.objc; path = "NSString+Additions.m"; sourceTree = "<group>"; };
		F9B902B815F7A8F10089BB17 /* NSThread+Additions.h */ = {isa = PBXFileReference; fileEncoding = 4; lastKnownFileType = sourcecode.c.h; path = "NSThread+Additions.h"; sourceTree = "<group>"; };
		F9B902B915F7A8F10089BB17 /* NSThread+Additions.m */ = {isa = PBXFileReference; fileEncoding = 4; lastKnownFileType = sourcecode.c.objc; path = "NSThread+Additions.m"; sourceTree = "<group>"; };
		F9D90D4216B830110063C0F6 /* NSView+Additions.h */ = {isa = PBXFileReference; fileEncoding = 4; lastKnownFileType = sourcecode.c.h; path = "NSView+Additions.h"; sourceTree = "<group>"; };
		F9D90D4316B830110063C0F6 /* NSView+Additions.m */ = {isa = PBXFileReference; fileEncoding = 4; lastKnownFileType = sourcecode.c.objc; path = "NSView+Additions.m"; sourceTree = "<group>"; };
		F9D90D4616B8734D0063C0F6 /* MBTableRowView.h */ = {isa = PBXFileReference; fileEncoding = 4; lastKnownFileType = sourcecode.c.h; path = MBTableRowView.h; sourceTree = "<group>"; };
		F9D90D4716B8734D0063C0F6 /* MBTableRowView.m */ = {isa = PBXFileReference; fileEncoding = 4; lastKnownFileType = sourcecode.c.objc; path = MBTableRowView.m; sourceTree = "<group>"; };
		F9D90D4916B875900063C0F6 /* MBMovieRowView.h */ = {isa = PBXFileReference; fileEncoding = 4; lastKnownFileType = sourcecode.c.h; path = MBMovieRowView.h; sourceTree = "<group>"; };
		F9D90D4A16B875900063C0F6 /* MBMovieRowView.m */ = {isa = PBXFileReference; fileEncoding = 4; lastKnownFileType = sourcecode.c.objc; path = MBMovieRowView.m; sourceTree = "<group>"; };
		F9D90D4C16B87F660063C0F6 /* MBMovieTableView.h */ = {isa = PBXFileReference; fileEncoding = 4; lastKnownFileType = sourcecode.c.h; path = MBMovieTableView.h; sourceTree = "<group>"; };
		F9D90D4D16B87F660063C0F6 /* MBMovieTableView.m */ = {isa = PBXFileReference; fileEncoding = 4; lastKnownFileType = sourcecode.c.objc; path = MBMovieTableView.m; sourceTree = "<group>"; };
		F9D90D4F16B888260063C0F6 /* MBGenreTableView.h */ = {isa = PBXFileReference; fileEncoding = 4; lastKnownFileType = sourcecode.c.h; path = MBGenreTableView.h; sourceTree = "<group>"; };
		F9D90D5016B888260063C0F6 /* MBGenreTableView.m */ = {isa = PBXFileReference; fileEncoding = 4; lastKnownFileType = sourcecode.c.objc; path = MBGenreTableView.m; sourceTree = "<group>"; };
		F9D90D5216B889080063C0F6 /* MBGenreRowView.h */ = {isa = PBXFileReference; fileEncoding = 4; lastKnownFileType = sourcecode.c.h; path = MBGenreRowView.h; sourceTree = "<group>"; };
		F9D90D5316B889080063C0F6 /* MBGenreRowView.m */ = {isa = PBXFileReference; fileEncoding = 4; lastKnownFileType = sourcecode.c.objc; path = MBGenreRowView.m; sourceTree = "<group>"; };
		F9D90D5516B8953C0063C0F6 /* MBActorRowView.h */ = {isa = PBXFileReference; fileEncoding = 4; lastKnownFileType = sourcecode.c.h; path = MBActorRowView.h; sourceTree = "<group>"; };
		F9D90D5616B8953C0063C0F6 /* MBActorRowView.m */ = {isa = PBXFileReference; fileEncoding = 4; lastKnownFileType = sourcecode.c.objc; path = MBActorRowView.m; sourceTree = "<group>"; };
		F9DA1F5016B47F480055DFF1 /* Sparkle.framework */ = {isa = PBXFileReference; lastKnownFileType = wrapper.framework; name = Sparkle.framework; path = ../Support/Sparkle.framework; sourceTree = "<group>"; };
		F9DA1F5316B4808E0055DFF1 /* dsa_pub.pem */ = {isa = PBXFileReference; fileEncoding = 4; lastKnownFileType = text; name = dsa_pub.pem; path = /Users/cjones/Projects/Support/MovieID/dsa_pub.pem; sourceTree = "<absolute>"; };
		F9EA0CEF16B75E960037875F /* MMDrawingUtils.h */ = {isa = PBXFileReference; fileEncoding = 4; lastKnownFileType = sourcecode.c.h; path = MMDrawingUtils.h; sourceTree = "<group>"; };
		F9EA0CF016B75E960037875F /* MMDrawingUtils.m */ = {isa = PBXFileReference; fileEncoding = 4; lastKnownFileType = sourcecode.c.objc; path = MMDrawingUtils.m; sourceTree = "<group>"; };
		F9EA0CF116B75E960037875F /* MMScroller.h */ = {isa = PBXFileReference; fileEncoding = 4; lastKnownFileType = sourcecode.c.h; path = MMScroller.h; sourceTree = "<group>"; };
		F9EA0CF216B75E960037875F /* MMScroller.m */ = {isa = PBXFileReference; fileEncoding = 4; lastKnownFileType = sourcecode.c.objc; path = MMScroller.m; sourceTree = "<group>"; };
		F9EA0CF316B75E960037875F /* MMScrollView.h */ = {isa = PBXFileReference; fileEncoding = 4; lastKnownFileType = sourcecode.c.h; path = MMScrollView.h; sourceTree = "<group>"; };
		F9EA0CF416B75E960037875F /* MMScrollView.m */ = {isa = PBXFileReference; fileEncoding = 4; lastKnownFileType = sourcecode.c.objc; path = MMScrollView.m; sourceTree = "<group>"; };
		F9EA0CF816B769130037875F /* MBScroller.h */ = {isa = PBXFileReference; fileEncoding = 4; lastKnownFileType = sourcecode.c.h; path = MBScroller.h; sourceTree = "<group>"; };
		F9EA0CF916B769130037875F /* MBScroller.m */ = {isa = PBXFileReference; fileEncoding = 4; lastKnownFileType = sourcecode.c.objc; path = MBScroller.m; sourceTree = "<group>"; };
		F9EA0CFB16B769F50037875F /* MBScrollView.h */ = {isa = PBXFileReference; fileEncoding = 4; lastKnownFileType = sourcecode.c.h; path = MBScrollView.h; sourceTree = "<group>"; };
		F9EA0CFC16B769F50037875F /* MBScrollView.m */ = {isa = PBXFileReference; fileEncoding = 4; lastKnownFileType = sourcecode.c.objc; path = MBScrollView.m; sourceTree = "<group>"; };
		F9EBF47A16BC5620008892DF /* MBScreencapsTableView.h */ = {isa = PBXFileReference; fileEncoding = 4; lastKnownFileType = sourcecode.c.h; path = MBScreencapsTableView.h; sourceTree = "<group>"; };
		F9EBF47B16BC5620008892DF /* MBScreencapsTableView.m */ = {isa = PBXFileReference; fileEncoding = 4; lastKnownFileType = sourcecode.c.objc; path = MBScreencapsTableView.m; sourceTree = "<group>"; };
		F9F30CF716306E25006C4F17 /* MBImageView.h */ = {isa = PBXFileReference; fileEncoding = 4; lastKnownFileType = sourcecode.c.h; path = MBImageView.h; sourceTree = "<group>"; };
		F9F30CF816306E25006C4F17 /* MBImageView.m */ = {isa = PBXFileReference; fileEncoding = 4; lastKnownFileType = sourcecode.c.objc; path = MBImageView.m; sourceTree = "<group>"; };
/* End PBXFileReference section */

/* Begin PBXFrameworksBuildPhase section */
		F9B9027815F791320089BB17 /* Frameworks */ = {
			isa = PBXFrameworksBuildPhase;
			buildActionMask = 2147483647;
			files = (
				F990107E16D861FC007A3F65 /* AVFoundation.framework in Frameworks */,
				F990107B16D861F4007A3F65 /* CoreMedia.framework in Frameworks */,
				F98A50D1166BE76400749333 /* MovieID.framework in Frameworks */,
				F998F2C4162F8E40008AF52D /* QuartzCore.framework in Frameworks */,
				F9B902A115F7915E0089BB17 /* libicucore.dylib in Frameworks */,
				F9B9029F15F7914B0089BB17 /* QTKit.framework in Frameworks */,
				F9B9028015F791320089BB17 /* Cocoa.framework in Frameworks */,
				F9DA1F5116B47F480055DFF1 /* Sparkle.framework in Frameworks */,
			);
			runOnlyForDeploymentPostprocessing = 0;
		};
/* End PBXFrameworksBuildPhase section */

/* Begin PBXGroup section */
		F90E462E168DA9CB005DAF44 /* Edit - Movie */ = {
			isa = PBXGroup;
			children = (
				F90E4630168DAA5E005DAF44 /* MBMovieEditWindowController.h */,
				F90E4631168DAA5E005DAF44 /* MBMovieEditWindowController.m */,
				F90E4632168DAA5E005DAF44 /* MBMovieEditWindowController.xib */,
			);
			name = "Edit - Movie";
			sourceTree = "<group>";
		};
		F9133EF2168EE77C0097A985 /* Edit - Actor */ = {
			isa = PBXGroup;
			children = (
				F9133EF4168EE7CD0097A985 /* MBActorEditWindowController.h */,
				F9133EF5168EE7CD0097A985 /* MBActorEditWindowController.m */,
				F9133EF6168EE7CD0097A985 /* MBActorEditWindowController.xib */,
			);
			name = "Edit - Actor";
			sourceTree = "<group>";
		};
		F914FC5F15FCEAC100B960D0 /* Movie */ = {
			isa = PBXGroup;
			children = (
				F914FC6015FCF11400B960D0 /* MBMovieView.h */,
				F914FC6115FCF11400B960D0 /* MBMovieView.m */,
				F998F27C162F7335008AF52D /* MBMovieCastView.h */,
				F998F27D162F7335008AF52D /* MBMovieCastView.m */,
				F998F2C0162F85EF008AF52D /* MBMovieCellView.h */,
				F998F2C1162F85EF008AF52D /* MBMovieCellView.m */,
				F9D90D4916B875900063C0F6 /* MBMovieRowView.h */,
				F9D90D4A16B875900063C0F6 /* MBMovieRowView.m */,
				F9D90D4C16B87F660063C0F6 /* MBMovieTableView.h */,
				F9D90D4D16B87F660063C0F6 /* MBMovieTableView.m */,
			);
			name = Movie;
			sourceTree = "<group>";
		};
		F923206E167E60DA00D14519 /* Screencaps */ = {
			isa = PBXGroup;
			children = (
				F923207A167E623A00D14519 /* MBScreencapsWindowController.xib */,
				F9232078167E623A00D14519 /* MBScreencapsWindowController.h */,
				F9232079167E623A00D14519 /* MBScreencapsWindowController.m */,
				F923206F167E611F00D14519 /* MBScreencapsThumbnailCellView.h */,
				F9232070167E611F00D14519 /* MBScreencapsThumbnailCellView.m */,
				F9EBF47A16BC5620008892DF /* MBScreencapsTableView.h */,
				F9EBF47B16BC5620008892DF /* MBScreencapsTableView.m */,
			);
			name = Screencaps;
			sourceTree = "<group>";
		};
		F92A7EA716831FB600F04EDF /* Preferences */ = {
			isa = PBXGroup;
			children = (
				F92A7EA916831FFA00F04EDF /* MBPreferencesWindowController.h */,
				F92A7EAA16831FFA00F04EDF /* MBPreferencesWindowController.m */,
				F92A7EAB16831FFA00F04EDF /* MBPreferencesWindowController.xib */,
			);
			name = Preferences;
			sourceTree = "<group>";
		};
		F92A7EAE16832D9800F04EDF /* Actor Profile */ = {
			isa = PBXGroup;
			children = (
				F92A7EAF16832DB100F04EDF /* MBActorProfileWindowController.h */,
				F92A7EB016832DB100F04EDF /* MBActorProfileWindowController.m */,
				F92A7EB116832DB100F04EDF /* MBActorProfileWindowController.xib */,
				F93211EA16327D2C0093E619 /* MBActorMovieView.h */,
				F93211EB16327D2C0093E619 /* MBActorMovieView.m */,
			);
			name = "Actor Profile";
			sourceTree = "<group>";
		};
		F92A7ECC168635D400F04EDF /* Rename */ = {
			isa = PBXGroup;
			children = (
				F92A7ECD168635ED00F04EDF /* MBRenameWindowController.h */,
				F92A7ECE168635ED00F04EDF /* MBRenameWindowController.m */,
				F92A7ECF168635ED00F04EDF /* MBRenameWindowController.xib */,
			);
			name = Rename;
			sourceTree = "<group>";
		};
		F932125E1638C4F10093E619 /* Import */ = {
			isa = PBXGroup;
			children = (
				F932125F1638C5460093E619 /* MBImportWindowController.h */,
				F93212601638C5460093E619 /* MBImportWindowController.m */,
				F92A7EB4168341D900F04EDF /* MBImportWindowController.xib */,
				F93212621638EA170093E619 /* MBImportCellView.h */,
				F93212631638EA170093E619 /* MBImportCellView.m */,
			);
			name = Import;
			sourceTree = "<group>";
		};
		F94D323116BF1A3D0004EE39 /* Miscellaneous */ = {
			isa = PBXGroup;
			children = (
				F94D323316BF1ABC0004EE39 /* MBURLConnection.h */,
				F94D323416BF1ABC0004EE39 /* MBURLConnection.m */,
				F91AAF6316C0175A001278EC /* MBFileMetadata.h */,
				F91AAF6416C0175A001278EC /* MBFileMetadata.m */,
				F91AAF6716C03E89001278EC /* NSProgress.h */,
			);
			name = Miscellaneous;
			sourceTree = "<group>";
		};
		F97BF37415F91F8200444926 /* Interface */ = {
			isa = PBXGroup;
			children = (
				F9133EF2168EE77C0097A985 /* Edit - Actor */,
				F90E462E168DA9CB005DAF44 /* Edit - Movie */,
				F92A7ECC168635D400F04EDF /* Rename */,
				F92A7EAE16832D9800F04EDF /* Actor Profile */,
				F92A7EA716831FB600F04EDF /* Preferences */,
				F923206E167E60DA00D14519 /* Screencaps */,
				F932125E1638C4F10093E619 /* Import */,
				F9F30CF516306E11006C4F17 /* Miscellaneous */,
				F97BF37515F91FB800444926 /* Actor */,
				F97BF37615F91FBE00444926 /* Genre */,
				F914FC5F15FCEAC100B960D0 /* Movie */,
			);
			name = Interface;
			sourceTree = "<group>";
		};
		F97BF37515F91FB800444926 /* Actor */ = {
			isa = PBXGroup;
			children = (
				F97BF37815F91FF400444926 /* MBActorView.h */,
				F97BF37915F91FF400444926 /* MBActorView.m */,
				F93211F9163310AB0093E619 /* MBActorCellView.h */,
				F93211FA163310AB0093E619 /* MBActorCellView.m */,
				F93212211635E2440093E619 /* MBActorImageView.h */,
				F93212221635E2440093E619 /* MBActorImageView.m */,
				F9D90D5516B8953C0063C0F6 /* MBActorRowView.h */,
				F9D90D5616B8953C0063C0F6 /* MBActorRowView.m */,
			);
			name = Actor;
			sourceTree = "<group>";
		};
		F97BF37615F91FBE00444926 /* Genre */ = {
			isa = PBXGroup;
			children = (
				F9232068167D147400D14519 /* MBGenreCellView.h */,
				F9232069167D147400D14519 /* MBGenreCellView.m */,
				F923206B167D155E00D14519 /* MBGenreBadgeView.h */,
				F923206C167D155E00D14519 /* MBGenreBadgeView.m */,
				F9D90D4F16B888260063C0F6 /* MBGenreTableView.h */,
				F9D90D5016B888260063C0F6 /* MBGenreTableView.m */,
				F9D90D5216B889080063C0F6 /* MBGenreRowView.h */,
				F9D90D5316B889080063C0F6 /* MBGenreRowView.m */,
			);
			name = Genre;
			sourceTree = "<group>";
		};
		F98A50CC166BE75200749333 /* Products */ = {
			isa = PBXGroup;
			children = (
				F98A50D0166BE75300749333 /* MovieID.framework */,
			);
			name = Products;
			sourceTree = "<group>";
		};
		F998F279162F6FEF008AF52D /* Images */ = {
			isa = PBXGroup;
			children = (
				F9321228163610AD0093E619 /* TimeMachineIcon.icns */,
				F93212241635E34E0093E619 /* MissingActor.png */,
				F932121C1635C8640093E619 /* UpDownArrow.png */,
				F932121A1635C5E20093E619 /* DownArrow.gif */,
				F998F27A162F6FEF008AF52D /* MissingMovie.png */,
			);
			path = Images;
			sourceTree = SOURCE_ROOT;
		};
		F9B9027015F7912E0089BB17 = {
			isa = PBXGroup;
			children = (
				F9B9028515F791320089BB17 /* MovieBrowse */,
				F9B9027E15F791320089BB17 /* Frameworks */,
				F9B9027C15F791320089BB17 /* Products */,
			);
			sourceTree = "<group>";
		};
		F9B9027C15F791320089BB17 /* Products */ = {
			isa = PBXGroup;
			children = (
				F9B9027B15F791320089BB17 /* MovieBrowse.app */,
			);
			name = Products;
			sourceTree = "<group>";
		};
		F9B9027E15F791320089BB17 /* Frameworks */ = {
			isa = PBXGroup;
			children = (
				F990107D16D861FC007A3F65 /* AVFoundation.framework */,
				F990107A16D861F4007A3F65 /* CoreMedia.framework */,
				F9DA1F5016B47F480055DFF1 /* Sparkle.framework */,
				F98A50CB166BE75200749333 /* MovieIDFramework.xcodeproj */,
				F91FD3121653E85E0060E4FC /* MovieID.framework */,
				F998F2C3162F8E40008AF52D /* QuartzCore.framework */,
				F9B9028215F791320089BB17 /* AppKit.framework */,
				F9B9028315F791320089BB17 /* CoreData.framework */,
				F9B9028415F791320089BB17 /* Foundation.framework */,
				F9B902A015F7915E0089BB17 /* libicucore.dylib */,
				F9B9029E15F7914B0089BB17 /* QTKit.framework */,
				F9B9027F15F791320089BB17 /* Cocoa.framework */,
			);
			name = Frameworks;
			sourceTree = "<group>";
		};
		F9B9028515F791320089BB17 /* MovieBrowse */ = {
			isa = PBXGroup;
			children = (
				F9B9029115F791320089BB17 /* MBAppDelegate.h */,
				F9B9029215F791320089BB17 /* MBAppDelegate.m */,
				F9B902A315F795B50089BB17 /* MBDataManager.h */,
				F9B902A415F795B50089BB17 /* MBDataManager.m */,
				F932122A16361F130093E619 /* MBDownloadQueue.h */,
				F932122B16361F130093E619 /* MBDownloadQueue.m */,
				F998F2CC162FBDD2008AF52D /* MBImageCache.h */,
				F998F2CD162FBDD3008AF52D /* MBImageCache.m */,
				F998F2CF16305B27008AF52D /* MBStuff.h */,
				F998F2D016305B28008AF52D /* MBStuff.m */,
				F90E4635168E2B4F005DAF44 /* MBGoogleImageSearch.h */,
				F90E4636168E2B50005DAF44 /* MBGoogleImageSearch.m */,
				F9B902B315F7A8C60089BB17 /* Categories */,
				F94D323116BF1A3D0004EE39 /* Miscellaneous */,
				F9EA0CEC16B75E890037875F /* Extern */,
				F9B902AF15F7A7E80089BB17 /* Model */,
				F97BF37415F91F8200444926 /* Interface */,
				F9B9028615F791320089BB17 /* Supporting Files */,
			);
			path = MovieBrowse;
			sourceTree = "<group>";
		};
		F9B9028615F791320089BB17 /* Supporting Files */ = {
			isa = PBXGroup;
			children = (
				F9DA1F5316B4808E0055DFF1 /* dsa_pub.pem */,
				F998F279162F6FEF008AF52D /* Images */,
				F9B9029415F791320089BB17 /* MainMenu.xib */,
				F9B9028715F791320089BB17 /* MovieBrowse-Info.plist */,
				F9B9028815F791320089BB17 /* InfoPlist.strings */,
				F9B9028B15F791320089BB17 /* main.m */,
				F9B9028D15F791320089BB17 /* MovieBrowse-Prefix.pch */,
				F9B9028E15F791320089BB17 /* Credits.rtf */,
				F9B902A215F792FE0089BB17 /* Abstract.txt */,
				F9AD8AE716B6869700404B19 /* MovieBrowseConfig.plist */,
			);
			name = "Supporting Files";
			sourceTree = "<group>";
		};
		F9B902AF15F7A7E80089BB17 /* Model */ = {
			isa = PBXGroup;
			children = (
				F97BF37B15F9C20100444926 /* MBGenre.h */,
				F97BF37C15F9C20200444926 /* MBGenre.m */,
				F9B902A615F79BE80089BB17 /* MBMovie.h */,
				F9B902A715F79BE80089BB17 /* MBMovie.m */,
				F9B902A915F79BF20089BB17 /* MBPerson.h */,
				F9B902AA15F79BF30089BB17 /* MBPerson.m */,
			);
			name = Model;
			sourceTree = "<group>";
		};
		F9B902B315F7A8C60089BB17 /* Categories */ = {
			isa = PBXGroup;
			children = (
				F9D90D4216B830110063C0F6 /* NSView+Additions.h */,
				F9D90D4316B830110063C0F6 /* NSView+Additions.m */,
				F9B902B615F7A8F10089BB17 /* NSString+Additions.h */,
				F9B902B715F7A8F10089BB17 /* NSString+Additions.m */,
				F9B902B815F7A8F10089BB17 /* NSThread+Additions.h */,
				F9B902B915F7A8F10089BB17 /* NSThread+Additions.m */,
				F9232058167962D300D14519 /* NSArray+Additions.h */,
				F9232059167962D300D14519 /* NSArray+Additions.m */,
				F922D190168E47560018B5D1 /* NSImage+Additions.h */,
				F922D191168E47560018B5D1 /* NSImage+Additions.m */,
				F9133EF9168EFB770097A985 /* NSPopUpButton+Additions.h */,
				F9133EFA168EFB770097A985 /* NSPopUpButton+Additions.m */,
			);
			name = Categories;
			sourceTree = "<group>";
		};
		F9EA0CEC16B75E890037875F /* Extern */ = {
			isa = PBXGroup;
			children = (
				F9EA0CEE16B75E960037875F /* MMScroller */,
			);
			name = Extern;
			sourceTree = "<group>";
		};
		F9EA0CEE16B75E960037875F /* MMScroller */ = {
			isa = PBXGroup;
			children = (
				F9EA0CEF16B75E960037875F /* MMDrawingUtils.h */,
				F9EA0CF016B75E960037875F /* MMDrawingUtils.m */,
				F9EA0CF116B75E960037875F /* MMScroller.h */,
				F9EA0CF216B75E960037875F /* MMScroller.m */,
				F9EA0CF316B75E960037875F /* MMScrollView.h */,
				F9EA0CF416B75E960037875F /* MMScrollView.m */,
			);
			name = MMScroller;
			path = Extern/MMScroller;
			sourceTree = "<group>";
		};
		F9F30CF516306E11006C4F17 /* Miscellaneous */ = {
			isa = PBXGroup;
			children = (
				F9F30CF716306E25006C4F17 /* MBImageView.h */,
				F9F30CF816306E25006C4F17 /* MBImageView.m */,
				F93212171635B4060093E619 /* MBPopUpButtonCell.h */,
				F93212181635B4060093E619 /* MBPopUpButtonCell.m */,
				F92A7EC91686319700F04EDF /* MBTableView.h */,
				F92A7ECA1686319700F04EDF /* MBTableView.m */,
				F932121E1635DE090093E619 /* MBTableHeaderCell.h */,
				F932121F1635DE090093E619 /* MBTableHeaderCell.m */,
				F93212141635A2B30093E619 /* MBTableHeaderView.h */,
				F93212151635A2B30093E619 /* MBTableHeaderView.m */,
				F9EA0CF816B769130037875F /* MBScroller.h */,
				F9EA0CF916B769130037875F /* MBScroller.m */,
				F9EA0CFB16B769F50037875F /* MBScrollView.h */,
				F9EA0CFC16B769F50037875F /* MBScrollView.m */,
				F9D90D4616B8734D0063C0F6 /* MBTableRowView.h */,
				F9D90D4716B8734D0063C0F6 /* MBTableRowView.m */,
			);
			name = Miscellaneous;
			sourceTree = "<group>";
		};
/* End PBXGroup section */

/* Begin PBXNativeTarget section */
		F9B9027A15F791320089BB17 /* MovieBrowse */ = {
			isa = PBXNativeTarget;
			buildConfigurationList = F9B9029915F791320089BB17 /* Build configuration list for PBXNativeTarget "MovieBrowse" */;
			buildPhases = (
				F9B9027715F791320089BB17 /* Sources */,
				F9B9027815F791320089BB17 /* Frameworks */,
				F9B9027915F791320089BB17 /* Resources */,
				F998F2D216306613008AF52D /* Copy Frameworks */,
				F9DA1F5516B482170055DFF1 /* Sparkle */,
			);
			buildRules = (
			);
			dependencies = (
			);
			name = MovieBrowse;
			productName = MovieBrowse;
			productReference = F9B9027B15F791320089BB17 /* MovieBrowse.app */;
			productType = "com.apple.product-type.application";
		};
/* End PBXNativeTarget section */

/* Begin PBXProject section */
		F9B9027215F7912E0089BB17 /* Project object */ = {
			isa = PBXProject;
			attributes = {
				CLASSPREFIX = MB;
				LastUpgradeCheck = 0450;
				ORGANIZATIONNAME = "Curtis Jones";
			};
			buildConfigurationList = F9B9027515F7912E0089BB17 /* Build configuration list for PBXProject "MovieBrowse" */;
			compatibilityVersion = "Xcode 3.2";
			developmentRegion = English;
			hasScannedForEncodings = 0;
			knownRegions = (
				en,
			);
			mainGroup = F9B9027015F7912E0089BB17;
			productRefGroup = F9B9027C15F791320089BB17 /* Products */;
			projectDirPath = "";
			projectReferences = (
				{
					ProductGroup = F98A50CC166BE75200749333 /* Products */;
					ProjectRef = F98A50CB166BE75200749333 /* MovieIDFramework.xcodeproj */;
				},
			);
			projectRoot = "";
			targets = (
				F9B9027A15F791320089BB17 /* MovieBrowse */,
			);
		};
/* End PBXProject section */

/* Begin PBXReferenceProxy section */
		F98A50D0166BE75300749333 /* MovieID.framework */ = {
			isa = PBXReferenceProxy;
			fileType = wrapper.framework;
			path = MovieID.framework;
			remoteRef = F98A50CF166BE75300749333 /* PBXContainerItemProxy */;
			sourceTree = BUILT_PRODUCTS_DIR;
		};
/* End PBXReferenceProxy section */

/* Begin PBXResourcesBuildPhase section */
		F9B9027915F791320089BB17 /* Resources */ = {
			isa = PBXResourcesBuildPhase;
			buildActionMask = 2147483647;
			files = (
				F9B9028A15F791320089BB17 /* InfoPlist.strings in Resources */,
				F9B9029015F791320089BB17 /* Credits.rtf in Resources */,
				F9B9029615F791320089BB17 /* MainMenu.xib in Resources */,
				F998F27B162F6FEF008AF52D /* MissingMovie.png in Resources */,
				F932121B1635C5E20093E619 /* DownArrow.gif in Resources */,
				F932121D1635C8640093E619 /* UpDownArrow.png in Resources */,
				F93212251635E34E0093E619 /* MissingActor.png in Resources */,
				F9321229163610AD0093E619 /* TimeMachineIcon.icns in Resources */,
				F923207C167E623A00D14519 /* MBScreencapsWindowController.xib in Resources */,
				F92A7EAD16831FFA00F04EDF /* MBPreferencesWindowController.xib in Resources */,
				F92A7EB316832DB100F04EDF /* MBActorProfileWindowController.xib in Resources */,
				F92A7EB5168341D900F04EDF /* MBImportWindowController.xib in Resources */,
				F92A7ED1168635ED00F04EDF /* MBRenameWindowController.xib in Resources */,
				F90E4634168DAA5E005DAF44 /* MBMovieEditWindowController.xib in Resources */,
				F9133EF8168EE7CD0097A985 /* MBActorEditWindowController.xib in Resources */,
				F9DA1F5416B4808E0055DFF1 /* dsa_pub.pem in Resources */,
				F9AD8AE816B6869700404B19 /* MovieBrowseConfig.plist in Resources */,
			);
			runOnlyForDeploymentPostprocessing = 0;
		};
/* End PBXResourcesBuildPhase section */

/* Begin PBXShellScriptBuildPhase section */
		F9DA1F5516B482170055DFF1 /* Sparkle */ = {
			isa = PBXShellScriptBuildPhase;
			buildActionMask = 2147483647;
			files = (
			);
			inputPaths = (
			);
			name = Sparkle;
			outputPaths = (
			);
			runOnlyForDeploymentPostprocessing = 0;
			shellPath = /bin/bash;
			shellScript = "if [ $CONFIGURATION = \"Debug\" ]; then\n  echo \"This is not a release build. Skipping Sparkle stuff.\"\n  exit\nfi\n\nPLIST_FILE=\"\"\n\nif [ -f \"$INFOPLIST_FILE\" ]; then\n  PLIST_FILE=\"$INFOPLIST_FILE\"\nelse\n  if [ -f \"$SRCROOT/$INFOPLIST_FILE\" ]; then\n    PLIST_FILE=\"$SRCROOT/$INFOPLIST_FILE\"\n  else\n    exit 0\n  fi\nfi\n\nDOMAIN=\"curtisjones.us\"\n#DOMAIN=\"veriton.local:20080\"\n\n# get the bundle version from the plist\nVERSION=$(/usr/libexec/PlistBuddy -c \"Print CFBundleShortVersionString\" $PLIST_FILE)\n\n# file names and file paths\nZIP_NAME=\"MovieBrowse-$VERSION.zip\"\nZIP_PATH=\"$HOME/Desktop/$ZIP_NAME\"\nAPP_PATH=\"$CODESIGNING_FOLDER_PATH\"\n#XML_PATH=\"$HOME/Desktop/MovieBrowse-$VERSION.xml\"\nXML_PATH=\"$HOME/Desktop/sparkle.xml\"\n\n# release notes. read from version-number specific file in the project dir?\nif [ -f \"$PROJECT_DIR/Documentation/Release Notes/$VERSION.txt\" ]; then\n  DESCRIPTION=$(< \"$PROJECT_DIR/Documentation/Release Notes/$VERSION.txt\")\nelse\n  DESCRIPTION=\"No release notes available.\"\nfi\n\n# we need the fancy-formatted gmt date for the sparkle xml\nDATE=$(TZ=GMT date)\n\n# copy the database into the app resources directory\ncp -R \"/Users/cjones/Desktop/MovieBrowse-Actors.db\" \"$APP_PATH/Contents/Resources/\"\ncp -R \"/Users/cjones/Desktop/MovieBrowse-Movies.db\" \"$APP_PATH/Contents/Resources/\"\n\nexit\n\n\n\n\n\n# compress the .app; the resulting zip file will live in the same location\ncd \"$APP_PATH/..\"\n#rm -f \"$ZIP_PATH\"\n#zip -q -r \"$ZIP_PATH\" \"$FULL_PRODUCT_NAME\"\n\n#echo \"APP_PATH: $APP_PATH\"\n#echo \"FULL_PRODUCT_NAME: $FULL_PRODUCT_NAME\"\n\n# the size of the zip file\n#FILESIZE=$(stat -f \"%z\" \"$ZIP_PATH\")\n\n# generate a signature for the zip file\n#DSA_SIG=$(/usr/bin/openssl dgst -sha1 -binary < \"$ZIP_PATH\" | /usr/bin/openssl dgst -dss1 -sign \"$HOME/Projects/Support/MovieID/dsa_priv.pem\" | /usr/bin/openssl enc -base64)\n\ncat > \"$XML_PATH\" <<EOF\n<?xml version=\"1.0\" encoding=\"utf-8\"?>\n<rss version=\"2.0\" xmlns:sparkle=\"http://www.andymatuschak.org/xml-namespaces/sparkle\" xmlns:dc=\"http://purl.org/dc/elements/1.1/\">\n  <channel>\n    <title>MovieBrowse Changelog</title>\n    <link>http://$DOMAIN/MovieBrowse/sparkle.xml</link>\n    <description>MovieBrowse Changelog</description>\n    <language>en</language>\n<item>\n  <title>Version $VERSION</title>\n  <description><![CDATA[$DESCRIPTION]]></description>\n  <!-- <sparkle:releaseNotesLink>http://$DOMAIN/MovieBrowse/notes/$VERSION.html</sparkle:releaseNotesLink> -->\n  <pubDate>$DATE +0000</pubDate>\n  <enclosure url=\"http://$DOMAIN/MovieBrowse/releases/$ZIP_NAME\"\n    sparkle:version=\"$VERSION\"\n    sparkle:dsaSignature=\"$DSA_SIG\"\n    length=\"$FILESIZE\"\n    type=\"application/octet-stream\" />\n</item>\n</channel>\n</rss>\nEOF\n";
			showEnvVarsInLog = 0;
		};
/* End PBXShellScriptBuildPhase section */

/* Begin PBXSourcesBuildPhase section */
		F9B9027715F791320089BB17 /* Sources */ = {
			isa = PBXSourcesBuildPhase;
			buildActionMask = 2147483647;
			files = (
				F9B9028C15F791320089BB17 /* main.m in Sources */,
				F9B9029315F791320089BB17 /* MBAppDelegate.m in Sources */,
				F9B902A515F795B50089BB17 /* MBDataManager.m in Sources */,
				F9B902A815F79BE80089BB17 /* MBMovie.m in Sources */,
				F9B902AB15F79BF30089BB17 /* MBPerson.m in Sources */,
				F9B902BB15F7A8F10089BB17 /* NSString+Additions.m in Sources */,
				F9B902BC15F7A8F10089BB17 /* NSThread+Additions.m in Sources */,
				F97BF37A15F91FF400444926 /* MBActorView.m in Sources */,
				F97BF37D15F9C20200444926 /* MBGenre.m in Sources */,
				F914FC6215FCF11400B960D0 /* MBMovieView.m in Sources */,
				F998F27E162F7335008AF52D /* MBMovieCastView.m in Sources */,
				F998F2C2162F85EF008AF52D /* MBMovieCellView.m in Sources */,
				F998F2CE162FBDD4008AF52D /* MBImageCache.m in Sources */,
				F998F2D116305B2A008AF52D /* MBStuff.m in Sources */,
				F9F30CF916306E25006C4F17 /* MBImageView.m in Sources */,
				F93211EC16327D2C0093E619 /* MBActorMovieView.m in Sources */,
				F93211FB163310AB0093E619 /* MBActorCellView.m in Sources */,
				F93212161635A2B30093E619 /* MBTableHeaderView.m in Sources */,
				F93212191635B4070093E619 /* MBPopUpButtonCell.m in Sources */,
				F93212201635DE0A0093E619 /* MBTableHeaderCell.m in Sources */,
				F93212231635E2440093E619 /* MBActorImageView.m in Sources */,
				F932122C16361F140093E619 /* MBDownloadQueue.m in Sources */,
				F93212611638C5460093E619 /* MBImportWindowController.m in Sources */,
				F93212641638EA170093E619 /* MBImportCellView.m in Sources */,
				F923205A167962D300D14519 /* NSArray+Additions.m in Sources */,
				F923206A167D147400D14519 /* MBGenreCellView.m in Sources */,
				F923206D167D155F00D14519 /* MBGenreBadgeView.m in Sources */,
				F9232071167E611F00D14519 /* MBScreencapsThumbnailCellView.m in Sources */,
				F923207B167E623A00D14519 /* MBScreencapsWindowController.m in Sources */,
				F92A7EAC16831FFA00F04EDF /* MBPreferencesWindowController.m in Sources */,
				F92A7EB216832DB100F04EDF /* MBActorProfileWindowController.m in Sources */,
				F92A7ECB1686319700F04EDF /* MBTableView.m in Sources */,
				F92A7ED0168635ED00F04EDF /* MBRenameWindowController.m in Sources */,
				F90E4633168DAA5E005DAF44 /* MBMovieEditWindowController.m in Sources */,
				F90E4637168E2B50005DAF44 /* MBGoogleImageSearch.m in Sources */,
				F922D192168E47560018B5D1 /* NSImage+Additions.m in Sources */,
				F9133EF7168EE7CD0097A985 /* MBActorEditWindowController.m in Sources */,
				F9133EFB168EFB770097A985 /* NSPopUpButton+Additions.m in Sources */,
				F9EA0CF516B75E960037875F /* MMDrawingUtils.m in Sources */,
				F9EA0CF616B75E960037875F /* MMScroller.m in Sources */,
				F9EA0CF716B75E960037875F /* MMScrollView.m in Sources */,
				F9EA0CFA16B769130037875F /* MBScroller.m in Sources */,
				F9EA0CFD16B769F50037875F /* MBScrollView.m in Sources */,
				F9D90D4416B830110063C0F6 /* NSView+Additions.m in Sources */,
				F9D90D4816B8734D0063C0F6 /* MBTableRowView.m in Sources */,
				F9D90D4B16B875900063C0F6 /* MBMovieRowView.m in Sources */,
				F9D90D4E16B87F660063C0F6 /* MBMovieTableView.m in Sources */,
				F9D90D5116B888260063C0F6 /* MBGenreTableView.m in Sources */,
				F9D90D5416B889080063C0F6 /* MBGenreRowView.m in Sources */,
				F9D90D5716B8953C0063C0F6 /* MBActorRowView.m in Sources */,
				F9EBF47C16BC5620008892DF /* MBScreencapsTableView.m in Sources */,
				F94D323516BF1ABC0004EE39 /* MBURLConnection.m in Sources */,
				F91AAF6516C0175A001278EC /* MBFileMetadata.m in Sources */,
			);
			runOnlyForDeploymentPostprocessing = 0;
		};
/* End PBXSourcesBuildPhase section */

/* Begin PBXVariantGroup section */
		F9B9028815F791320089BB17 /* InfoPlist.strings */ = {
			isa = PBXVariantGroup;
			children = (
				F9B9028915F791320089BB17 /* en */,
			);
			name = InfoPlist.strings;
			sourceTree = "<group>";
		};
		F9B9028E15F791320089BB17 /* Credits.rtf */ = {
			isa = PBXVariantGroup;
			children = (
				F9B9028F15F791320089BB17 /* en */,
			);
			name = Credits.rtf;
			sourceTree = "<group>";
		};
		F9B9029415F791320089BB17 /* MainMenu.xib */ = {
			isa = PBXVariantGroup;
			children = (
				F9B9029515F791320089BB17 /* en */,
			);
			name = MainMenu.xib;
			sourceTree = "<group>";
		};
/* End PBXVariantGroup section */

/* Begin XCBuildConfiguration section */
		F9B9029715F791320089BB17 /* Debug */ = {
			isa = XCBuildConfiguration;
			buildSettings = {
				ALWAYS_SEARCH_USER_PATHS = NO;
				ARCHS = "$(ARCHS_STANDARD_64_BIT)";
				CLANG_CXX_LANGUAGE_STANDARD = "gnu++0x";
				CLANG_CXX_LIBRARY = "libc++";
				CLANG_ENABLE_OBJC_ARC = YES;
				CLANG_WARN__DUPLICATE_METHOD_MATCH = YES;
				COPY_PHASE_STRIP = NO;
				GCC_C_LANGUAGE_STANDARD = gnu99;
				GCC_DYNAMIC_NO_PIC = NO;
				GCC_ENABLE_OBJC_EXCEPTIONS = YES;
				GCC_OPTIMIZATION_LEVEL = 0;
				GCC_PREPROCESSOR_DEFINITIONS = (
					"DEBUG=1",
					"$(inherited)",
				);
				GCC_SYMBOLS_PRIVATE_EXTERN = NO;
				GCC_WARN_64_TO_32_BIT_CONVERSION = YES;
				GCC_WARN_ABOUT_RETURN_TYPE = YES;
				GCC_WARN_UNINITIALIZED_AUTOS = YES;
				GCC_WARN_UNUSED_VARIABLE = YES;
				MACOSX_DEPLOYMENT_TARGET = 10.8;
				ONLY_ACTIVE_ARCH = YES;
				SDKROOT = macosx;
			};
			name = Debug;
		};
		F9B9029815F791320089BB17 /* Release */ = {
			isa = XCBuildConfiguration;
			buildSettings = {
				ALWAYS_SEARCH_USER_PATHS = NO;
				ARCHS = "$(ARCHS_STANDARD_64_BIT)";
				CLANG_CXX_LANGUAGE_STANDARD = "gnu++0x";
				CLANG_CXX_LIBRARY = "libc++";
				CLANG_ENABLE_OBJC_ARC = YES;
				CLANG_WARN__DUPLICATE_METHOD_MATCH = YES;
				COPY_PHASE_STRIP = YES;
				DEBUG_INFORMATION_FORMAT = "dwarf-with-dsym";
				GCC_C_LANGUAGE_STANDARD = gnu99;
				GCC_ENABLE_OBJC_EXCEPTIONS = YES;
				GCC_WARN_64_TO_32_BIT_CONVERSION = YES;
				GCC_WARN_ABOUT_RETURN_TYPE = YES;
				GCC_WARN_UNINITIALIZED_AUTOS = YES;
				GCC_WARN_UNUSED_VARIABLE = YES;
				MACOSX_DEPLOYMENT_TARGET = 10.8;
				SDKROOT = macosx;
			};
			name = Release;
		};
		F9B9029A15F791320089BB17 /* Debug */ = {
			isa = XCBuildConfiguration;
			buildSettings = {
				CODE_SIGN_IDENTITY = "3rd Party Mac Developer Application: Curtis Jones";
				COMBINE_HIDPI_IMAGES = YES;
				FRAMEWORK_SEARCH_PATHS = (
					"$(inherited)",
					"\"$(SRCROOT)/../../../../../DasRamDisk/Xcode/MovieID-dejbaihqqhbdppeqozalpjlcemrs/Build/Products/Debug\"",
					"\"/Volumes/DasRamDisk/Xcode/MovieID-aadurtnvwlsyfzcufjyphkfsyzrk/Build/Products/Debug\"",
					"\"$(SRCROOT)/../Support\"",
				);
				GCC_PRECOMPILE_PREFIX_HEADER = YES;
				GCC_PREFIX_HEADER = "MovieBrowse/MovieBrowse-Prefix.pch";
				INFOPLIST_FILE = "MovieBrowse/MovieBrowse-Info.plist";
				MACOSX_DEPLOYMENT_TARGET = 10.7;
				PRODUCT_NAME = "$(TARGET_NAME)";
				PROVISIONING_PROFILE = "F586B5B6-DD3F-4F40-A81C-D429CDED0C19";
				WRAPPER_EXTENSION = app;
			};
			name = Debug;
		};
		F9B9029B15F791320089BB17 /* Release */ = {
			isa = XCBuildConfiguration;
			buildSettings = {
				CODE_SIGN_IDENTITY = "3rd Party Mac Developer Application: Curtis Jones";
				COMBINE_HIDPI_IMAGES = YES;
				FRAMEWORK_SEARCH_PATHS = (
					"$(inherited)",
					"\"$(SRCROOT)/../../../../../DasRamDisk/Xcode/MovieID-dejbaihqqhbdppeqozalpjlcemrs/Build/Products/Debug\"",
					"\"/Volumes/DasRamDisk/Xcode/MovieID-aadurtnvwlsyfzcufjyphkfsyzrk/Build/Products/Debug\"",
					"\"$(SRCROOT)/../Support\"",
				);
				GCC_PRECOMPILE_PREFIX_HEADER = YES;
				GCC_PREFIX_HEADER = "MovieBrowse/MovieBrowse-Prefix.pch";
				INFOPLIST_FILE = "MovieBrowse/MovieBrowse-Info.plist";
				MACOSX_DEPLOYMENT_TARGET = 10.7;
				PRODUCT_NAME = "$(TARGET_NAME)";
				PROVISIONING_PROFILE = "F586B5B6-DD3F-4F40-A81C-D429CDED0C19";
				WRAPPER_EXTENSION = app;
			};
			name = Release;
		};
/* End XCBuildConfiguration section */

/* Begin XCConfigurationList section */
		F9B9027515F7912E0089BB17 /* Build configuration list for PBXProject "MovieBrowse" */ = {
			isa = XCConfigurationList;
			buildConfigurations = (
				F9B9029715F791320089BB17 /* Debug */,
				F9B9029815F791320089BB17 /* Release */,
			);
			defaultConfigurationIsVisible = 0;
			defaultConfigurationName = Release;
		};
		F9B9029915F791320089BB17 /* Build configuration list for PBXNativeTarget "MovieBrowse" */ = {
			isa = XCConfigurationList;
			buildConfigurations = (
				F9B9029A15F791320089BB17 /* Debug */,
				F9B9029B15F791320089BB17 /* Release */,
			);
			defaultConfigurationIsVisible = 0;
			defaultConfigurationName = Release;
		};
/* End XCConfigurationList section */
	};
	rootObject = F9B9027215F7912E0089BB17 /* Project object */;
}
